
Microsoft Visual Studio Solution File, Format Version 12.00
# Visual Studio 15
VisualStudioVersion = 15.0.27703.2026
MinimumVisualStudioVersion = 10.0.40219.1
Project("{FAE04EC0-301F-11D3-BF4B-00C04F79EFBC}") = "SimpleTcpSrvr", "ConsoleApp1\SimpleTcpSrvr.csproj", "{BF404E0D-91A4-4971-9611-929CE6F2837B}"
EndProject
Global
	GlobalSection(SolutionConfigurationPlatforms) = preSolution
		Debug|Any CPU = Debug|Any CPU
		Release|Any CPU = Release|Any CPU
	EndGlobalSection
	GlobalSection(ProjectConfigurationPlatforms) = postSolution
		{BF404E0D-91A4-4971-9611-929CE6F2837B}.Debug|Any CPU.ActiveCfg = Debug|Any CPU
		{BF404E0D-91A4-4971-9611-929CE6F2837B}.Debug|Any CPU.Build.0 = Debug|Any CPU
		{BF404E0D-91A4-4971-9611-929CE6F2837B}.Release|Any CPU.ActiveCfg = Release|Any CPU
		{BF404E0D-91A4-4971-9611-929CE6F2837B}.Release|Any CPU.Build.0 = Release|Any CPU
	EndGlobalSection
	GlobalSection(SolutionProperties) = preSolution
		HideSolutionNode = FALSE
	EndGlobalSection
	GlobalSection(ExtensibilityGlobals) = postSolution
		SolutionGuid = {ED1A5395-D4C9-412D-BAF7-29D8F7DED70D}
	EndGlobalSection
EndGlobal
